
Microsoft Visual Studio Solution File, Format Version 12.00
# Visual Studio Version 17
VisualStudioVersion = 17.2.32602.215
MinimumVisualStudioVersion = 10.0.40219.1
Project("{9A19103F-16F7-4668-BE54-9A1E7A4F7556}") = "BugTrackerAPI", "BugTrackerSystem\BugTrackerAPI.csproj", "{4BBD2847-E07E-4519-92B4-C244A65FEE4B}"
EndProject
Project("{2150E333-8FDC-42A3-9474-1A3956D46DE8}") = "Solution Items", "Solution Items", "{C0784F38-1E52-4FC3-8937-6A2C9257919D}"
	ProjectSection(SolutionItems) = preProject
		.editorconfig = .editorconfig
	EndProjectSection
EndProject
Project("{54A90642-561A-4BB1-A94E-469ADEE60C69}") = "BugTrackerFE", "BugTrackerFE\BugTrackerFE.esproj", "{CBE33B85-2899-460E-9093-776516A98C14}"
EndProject
Global
	GlobalSection(SolutionConfigurationPlatforms) = preSolution
		Debug|Any CPU = Debug|Any CPU
		Release|Any CPU = Release|Any CPU
	EndGlobalSection
	GlobalSection(ProjectConfigurationPlatforms) = postSolution
		{4BBD2847-E07E-4519-92B4-C244A65FEE4B}.Debug|Any CPU.ActiveCfg = Debug|Any CPU
		{4BBD2847-E07E-4519-92B4-C244A65FEE4B}.Debug|Any CPU.Build.0 = Debug|Any CPU
		{4BBD2847-E07E-4519-92B4-C244A65FEE4B}.Release|Any CPU.ActiveCfg = Release|Any CPU
		{4BBD2847-E07E-4519-92B4-C244A65FEE4B}.Release|Any CPU.Build.0 = Release|Any CPU
		{CBE33B85-2899-460E-9093-776516A98C14}.Debug|Any CPU.ActiveCfg = Debug|Any CPU
		{CBE33B85-2899-460E-9093-776516A98C14}.Debug|Any CPU.Build.0 = Debug|Any CPU
		{CBE33B85-2899-460E-9093-776516A98C14}.Debug|Any CPU.Deploy.0 = Debug|Any CPU
		{CBE33B85-2899-460E-9093-776516A98C14}.Release|Any CPU.ActiveCfg = Release|Any CPU
		{CBE33B85-2899-460E-9093-776516A98C14}.Release|Any CPU.Build.0 = Release|Any CPU
		{CBE33B85-2899-460E-9093-776516A98C14}.Release|Any CPU.Deploy.0 = Release|Any CPU
	EndGlobalSection
	GlobalSection(SolutionProperties) = preSolution
		HideSolutionNode = FALSE
	EndGlobalSection
	GlobalSection(ExtensibilityGlobals) = postSolution
		SolutionGuid = {1D2C0E89-F970-4C27-84A2-597D357F9032}
	EndGlobalSection
EndGlobal
