
Microsoft Visual Studio Solution File, Format Version 12.00
# Visual Studio Version 17
VisualStudioVersion = 17.2.32602.215
MinimumVisualStudioVersion = 10.0.40219.1
Project("{9A19103F-16F7-4668-BE54-9A1E7A4F7556}") = "BugTrackerAPI", "BugTrackerSystem\BugTrackerAPI.csproj", "{4BBD2847-E07E-4519-92B4-C244A65FEE4B}"
EndProject
Global
	GlobalSection(SolutionConfigurationPlatforms) = preSolution
		Debug|Any CPU = Debug|Any CPU
		Release|Any CPU = Release|Any CPU
	EndGlobalSection
	GlobalSection(ProjectConfigurationPlatforms) = postSolution
		{4BBD2847-E07E-4519-92B4-C244A65FEE4B}.Debug|Any CPU.ActiveCfg = Debug|Any CPU
		{4BBD2847-E07E-4519-92B4-C244A65FEE4B}.Debug|Any CPU.Build.0 = Debug|Any CPU
		{4BBD2847-E07E-4519-92B4-C244A65FEE4B}.Release|Any CPU.ActiveCfg = Release|Any CPU
		{4BBD2847-E07E-4519-92B4-C244A65FEE4B}.Release|Any CPU.Build.0 = Release|Any CPU
	EndGlobalSection
	GlobalSection(SolutionProperties) = preSolution
		HideSolutionNode = FALSE
	EndGlobalSection
	GlobalSection(ExtensibilityGlobals) = postSolution
		SolutionGuid = {1D2C0E89-F970-4C27-84A2-597D357F9032}
	EndGlobalSection
EndGlobal
